// !$*UTF8*$!
{
	archiveVersion = 1;
	classes = {
	};
	objectVersion = 46;
	objects = {

/* Begin PBXBuildFile section */
		210A51EA1EDEAC62009A5F76 /* CATiledLayerController.swift in Sources */ = {isa = PBXBuildFile; fileRef = 210A51E91EDEAC62009A5F76 /* CATiledLayerController.swift */; };
		210A51EC1EDEB53E009A5F76 /* TiledLayer.swift in Sources */ = {isa = PBXBuildFile; fileRef = 210A51EB1EDEB53E009A5F76 /* TiledLayer.swift */; };
		210A51EE1EDEB67D009A5F76 /* TilingView.swift in Sources */ = {isa = PBXBuildFile; fileRef = 210A51ED1EDEB67D009A5F76 /* TilingView.swift */; };
		210A51F01EDEC426009A5F76 /* TilingViewForImage.swift in Sources */ = {isa = PBXBuildFile; fileRef = 210A51EF1EDEC426009A5F76 /* TilingViewForImage.swift */; };
		21443D291ED56E1700D3EDE5 /* ScrollingView.swift in Sources */ = {isa = PBXBuildFile; fileRef = 21443D281ED56E1700D3EDE5 /* ScrollingView.swift */; };
		21443D2C1ED574B200D3EDE5 /* CAScrollLayerController.swift in Sources */ = {isa = PBXBuildFile; fileRef = 21443D2B1ED574B200D3EDE5 /* CAScrollLayerController.swift */; };
		21443D2E1ED6AFAA00D3EDE5 /* CATextLayerController.swift in Sources */ = {isa = PBXBuildFile; fileRef = 21443D2D1ED6AFAA00D3EDE5 /* CATextLayerController.swift */; };
		21443D301ED7D41000D3EDE5 /* AVPlayerLayerController.swift in Sources */ = {isa = PBXBuildFile; fileRef = 21443D2F1ED7D41000D3EDE5 /* AVPlayerLayerController.swift */; };
		21443D321ED7D73400D3EDE5 /* demo.mp4 in Resources */ = {isa = PBXBuildFile; fileRef = 21443D311ED7D73400D3EDE5 /* demo.mp4 */; };
		21443D341ED8087B00D3EDE5 /* CAGradientLayerController.swift in Sources */ = {isa = PBXBuildFile; fileRef = 21443D331ED8087B00D3EDE5 /* CAGradientLayerController.swift */; };
		2179383A1ED2E88A007DBE43 /* AppDelegate.swift in Sources */ = {isa = PBXBuildFile; fileRef = 217938391ED2E88A007DBE43 /* AppDelegate.swift */; };
		2179383C1ED2E88A007DBE43 /* ViewController.swift in Sources */ = {isa = PBXBuildFile; fileRef = 2179383B1ED2E88A007DBE43 /* ViewController.swift */; };
		2179383F1ED2E88A007DBE43 /* Main.storyboard in Resources */ = {isa = PBXBuildFile; fileRef = 2179383D1ED2E88A007DBE43 /* Main.storyboard */; };
		217938411ED2E88A007DBE43 /* Assets.xcassets in Resources */ = {isa = PBXBuildFile; fileRef = 217938401ED2E88A007DBE43 /* Assets.xcassets */; };
		217938441ED2E88A007DBE43 /* LaunchScreen.storyboard in Resources */ = {isa = PBXBuildFile; fileRef = 217938421ED2E88A007DBE43 /* LaunchScreen.storyboard */; };
		2179384F1ED2EE17007DBE43 /* UIImage+TileCutter.swift in Sources */ = {isa = PBXBuildFile; fileRef = 2179384E1ED2EE17007DBE43 /* UIImage+TileCutter.swift */; };
		21BEA3A41EDD40650093FEFB /* CAReplicatorLayerController.swift in Sources */ = {isa = PBXBuildFile; fileRef = 21BEA3A31EDD40650093FEFB /* CAReplicatorLayerController.swift */; };
		21C286221ED3C264009D65D0 /* CALayerViewController.swift in Sources */ = {isa = PBXBuildFile; fileRef = 21C286201ED3C264009D65D0 /* CALayerViewController.swift */; };
		644F699A1ED46B6100B53943 /* CALayerControlsController.swift in Sources */ = {isa = PBXBuildFile; fileRef = 644F69991ED46B6100B53943 /* CALayerControlsController.swift */; };
/* End PBXBuildFile section */

/* Begin PBXFileReference section */
		210A51E91EDEAC62009A5F76 /* CATiledLayerController.swift */ = {isa = PBXFileReference; fileEncoding = 4; lastKnownFileType = sourcecode.swift; path = CATiledLayerController.swift; sourceTree = "<group>"; };
		210A51EB1EDEB53E009A5F76 /* TiledLayer.swift */ = {isa = PBXFileReference; fileEncoding = 4; lastKnownFileType = sourcecode.swift; path = TiledLayer.swift; sourceTree = "<group>"; };
		210A51ED1EDEB67D009A5F76 /* TilingView.swift */ = {isa = PBXFileReference; fileEncoding = 4; lastKnownFileType = sourcecode.swift; path = TilingView.swift; sourceTree = "<group>"; };
		210A51EF1EDEC426009A5F76 /* TilingViewForImage.swift */ = {isa = PBXFileReference; fileEncoding = 4; lastKnownFileType = sourcecode.swift; path = TilingViewForImage.swift; sourceTree = "<group>"; };
		21443D281ED56E1700D3EDE5 /* ScrollingView.swift */ = {isa = PBXFileReference; fileEncoding = 4; lastKnownFileType = sourcecode.swift; path = ScrollingView.swift; sourceTree = "<group>"; };
		21443D2B1ED574B200D3EDE5 /* CAScrollLayerController.swift */ = {isa = PBXFileReference; fileEncoding = 4; lastKnownFileType = sourcecode.swift; path = CAScrollLayerController.swift; sourceTree = "<group>"; };
		21443D2D1ED6AFAA00D3EDE5 /* CATextLayerController.swift */ = {isa = PBXFileReference; fileEncoding = 4; lastKnownFileType = sourcecode.swift; path = CATextLayerController.swift; sourceTree = "<group>"; };
		21443D2F1ED7D41000D3EDE5 /* AVPlayerLayerController.swift */ = {isa = PBXFileReference; fileEncoding = 4; lastKnownFileType = sourcecode.swift; path = AVPlayerLayerController.swift; sourceTree = "<group>"; };
		21443D311ED7D73400D3EDE5 /* demo.mp4 */ = {isa = PBXFileReference; lastKnownFileType = file; path = demo.mp4; sourceTree = "<group>"; };
		21443D331ED8087B00D3EDE5 /* CAGradientLayerController.swift */ = {isa = PBXFileReference; fileEncoding = 4; lastKnownFileType = sourcecode.swift; path = CAGradientLayerController.swift; sourceTree = "<group>"; };
		217938361ED2E88A007DBE43 /* LayersAnimation.app */ = {isa = PBXFileReference; explicitFileType = wrapper.application; includeInIndex = 0; path = LayersAnimation.app; sourceTree = BUILT_PRODUCTS_DIR; };
		217938391ED2E88A007DBE43 /* AppDelegate.swift */ = {isa = PBXFileReference; lastKnownFileType = sourcecode.swift; path = AppDelegate.swift; sourceTree = "<group>"; };
		2179383B1ED2E88A007DBE43 /* ViewController.swift */ = {isa = PBXFileReference; lastKnownFileType = sourcecode.swift; path = ViewController.swift; sourceTree = "<group>"; };
		2179383E1ED2E88A007DBE43 /* Base */ = {isa = PBXFileReference; lastKnownFileType = file.storyboard; name = Base; path = Base.lproj/Main.storyboard; sourceTree = "<group>"; };
		217938401ED2E88A007DBE43 /* Assets.xcassets */ = {isa = PBXFileReference; lastKnownFileType = folder.assetcatalog; path = Assets.xcassets; sourceTree = "<group>"; };
		217938431ED2E88A007DBE43 /* Base */ = {isa = PBXFileReference; lastKnownFileType = file.storyboard; name = Base; path = Base.lproj/LaunchScreen.storyboard; sourceTree = "<group>"; };
		217938451ED2E88A007DBE43 /* Info.plist */ = {isa = PBXFileReference; lastKnownFileType = text.plist.xml; path = Info.plist; sourceTree = "<group>"; };
		2179384E1ED2EE17007DBE43 /* UIImage+TileCutter.swift */ = {isa = PBXFileReference; fileEncoding = 4; lastKnownFileType = sourcecode.swift; path = "UIImage+TileCutter.swift"; sourceTree = "<group>"; };
		21BEA3A31EDD40650093FEFB /* CAReplicatorLayerController.swift */ = {isa = PBXFileReference; fileEncoding = 4; lastKnownFileType = sourcecode.swift; path = CAReplicatorLayerController.swift; sourceTree = "<group>"; };
		21C286201ED3C264009D65D0 /* CALayerViewController.swift */ = {isa = PBXFileReference; fileEncoding = 4; lastKnownFileType = sourcecode.swift; path = CALayerViewController.swift; sourceTree = "<group>"; };
		644F69991ED46B6100B53943 /* CALayerControlsController.swift */ = {isa = PBXFileReference; fileEncoding = 4; lastKnownFileType = sourcecode.swift; path = CALayerControlsController.swift; sourceTree = "<group>"; };
/* End PBXFileReference section */

/* Begin PBXFrameworksBuildPhase section */
		217938331ED2E88A007DBE43 /* Frameworks */ = {
			isa = PBXFrameworksBuildPhase;
			buildActionMask = 2147483647;
			files = (
			);
			runOnlyForDeploymentPostprocessing = 0;
		};
/* End PBXFrameworksBuildPhase section */

/* Begin PBXGroup section */
		21443D2A1ED56E2200D3EDE5 /* Views */ = {
			isa = PBXGroup;
			children = (
				2179383D1ED2E88A007DBE43 /* Main.storyboard */,
				21443D281ED56E1700D3EDE5 /* ScrollingView.swift */,
				210A51EB1EDEB53E009A5F76 /* TiledLayer.swift */,
				210A51ED1EDEB67D009A5F76 /* TilingView.swift */,
				210A51EF1EDEC426009A5F76 /* TilingViewForImage.swift */,
			);
			name = Views;
			sourceTree = "<group>";
		};
		2179382D1ED2E889007DBE43 = {
			isa = PBXGroup;
			children = (
				217938381ED2E88A007DBE43 /* LayersAnimation */,
				217938371ED2E88A007DBE43 /* Products */,
			);
			sourceTree = "<group>";
		};
		217938371ED2E88A007DBE43 /* Products */ = {
			isa = PBXGroup;
			children = (
				217938361ED2E88A007DBE43 /* LayersAnimation.app */,
			);
			name = Products;
			sourceTree = "<group>";
		};
		217938381ED2E88A007DBE43 /* LayersAnimation */ = {
			isa = PBXGroup;
			children = (
				2179384D1ED2E97C007DBE43 /* AppDelegate */,
				21443D2A1ED56E2200D3EDE5 /* Views */,
				2179384C1ED2E969007DBE43 /* ViewControllers */,
				2179384B1ED2E955007DBE43 /* SystemFile */,
			);
			path = LayersAnimation;
			sourceTree = "<group>";
		};
		2179384B1ED2E955007DBE43 /* SystemFile */ = {
			isa = PBXGroup;
			children = (
				2179384E1ED2EE17007DBE43 /* UIImage+TileCutter.swift */,
				217938401ED2E88A007DBE43 /* Assets.xcassets */,
				217938421ED2E88A007DBE43 /* LaunchScreen.storyboard */,
				21443D311ED7D73400D3EDE5 /* demo.mp4 */,
				217938451ED2E88A007DBE43 /* Info.plist */,
			);
			name = SystemFile;
			sourceTree = "<group>";
		};
		2179384C1ED2E969007DBE43 /* ViewControllers */ = {
			isa = PBXGroup;
			children = (
				2179383B1ED2E88A007DBE43 /* ViewController.swift */,
				21C286201ED3C264009D65D0 /* CALayerViewController.swift */,
				644F69991ED46B6100B53943 /* CALayerControlsController.swift */,
				21443D2B1ED574B200D3EDE5 /* CAScrollLayerController.swift */,
				21443D2D1ED6AFAA00D3EDE5 /* CATextLayerController.swift */,
				21443D2F1ED7D41000D3EDE5 /* AVPlayerLayerController.swift */,
				21443D331ED8087B00D3EDE5 /* CAGradientLayerController.swift */,
				21BEA3A31EDD40650093FEFB /* CAReplicatorLayerController.swift */,
				210A51E91EDEAC62009A5F76 /* CATiledLayerController.swift */,
			);
			name = ViewControllers;
			sourceTree = "<group>";
		};
		2179384D1ED2E97C007DBE43 /* AppDelegate */ = {
			isa = PBXGroup;
			children = (
				217938391ED2E88A007DBE43 /* AppDelegate.swift */,
			);
			name = AppDelegate;
			sourceTree = "<group>";
		};
/* End PBXGroup section */

/* Begin PBXNativeTarget section */
		217938351ED2E88A007DBE43 /* LayersAnimation */ = {
			isa = PBXNativeTarget;
			buildConfigurationList = 217938481ED2E88A007DBE43 /* Build configuration list for PBXNativeTarget "LayersAnimation" */;
			buildPhases = (
				217938321ED2E88A007DBE43 /* Sources */,
				217938331ED2E88A007DBE43 /* Frameworks */,
				217938341ED2E88A007DBE43 /* Resources */,
			);
			buildRules = (
			);
			dependencies = (
			);
			name = LayersAnimation;
			productName = LayersAnimation;
			productReference = 217938361ED2E88A007DBE43 /* LayersAnimation.app */;
			productType = "com.apple.product-type.application";
		};
/* End PBXNativeTarget section */

/* Begin PBXProject section */
		2179382E1ED2E889007DBE43 /* Project object */ = {
			isa = PBXProject;
			attributes = {
				LastSwiftUpdateCheck = 0820;
				LastUpgradeCheck = 0820;
				ORGANIZATIONNAME = Mazy;
				TargetAttributes = {
					217938351ED2E88A007DBE43 = {
						CreatedOnToolsVersion = 8.2.1;
						ProvisioningStyle = Automatic;
					};
				};
			};
			buildConfigurationList = 217938311ED2E889007DBE43 /* Build configuration list for PBXProject "LayersAnimation" */;
			compatibilityVersion = "Xcode 3.2";
			developmentRegion = English;
			hasScannedForEncodings = 0;
			knownRegions = (
				en,
				Base,
			);
			mainGroup = 2179382D1ED2E889007DBE43;
			productRefGroup = 217938371ED2E88A007DBE43 /* Products */;
			projectDirPath = "";
			projectRoot = "";
			targets = (
				217938351ED2E88A007DBE43 /* LayersAnimation */,
			);
		};
/* End PBXProject section */

/* Begin PBXResourcesBuildPhase section */
		217938341ED2E88A007DBE43 /* Resources */ = {
			isa = PBXResourcesBuildPhase;
			buildActionMask = 2147483647;
			files = (
				21443D321ED7D73400D3EDE5 /* demo.mp4 in Resources */,
				217938441ED2E88A007DBE43 /* LaunchScreen.storyboard in Resources */,
				217938411ED2E88A007DBE43 /* Assets.xcassets in Resources */,
				2179383F1ED2E88A007DBE43 /* Main.storyboard in Resources */,
			);
			runOnlyForDeploymentPostprocessing = 0;
		};
/* End PBXResourcesBuildPhase section */

/* Begin PBXSourcesBuildPhase section */
		217938321ED2E88A007DBE43 /* Sources */ = {
			isa = PBXSourcesBuildPhase;
			buildActionMask = 2147483647;
			files = (
				21443D2E1ED6AFAA00D3EDE5 /* CATextLayerController.swift in Sources */,
				21443D2C1ED574B200D3EDE5 /* CAScrollLayerController.swift in Sources */,
				210A51F01EDEC426009A5F76 /* TilingViewForImage.swift in Sources */,
				21443D291ED56E1700D3EDE5 /* ScrollingView.swift in Sources */,
				2179383C1ED2E88A007DBE43 /* ViewController.swift in Sources */,
				2179384F1ED2EE17007DBE43 /* UIImage+TileCutter.swift in Sources */,
				644F699A1ED46B6100B53943 /* CALayerControlsController.swift in Sources */,
				21443D301ED7D41000D3EDE5 /* AVPlayerLayerController.swift in Sources */,
				210A51EC1EDEB53E009A5F76 /* TiledLayer.swift in Sources */,
				21BEA3A41EDD40650093FEFB /* CAReplicatorLayerController.swift in Sources */,
				21443D341ED8087B00D3EDE5 /* CAGradientLayerController.swift in Sources */,
				21C286221ED3C264009D65D0 /* CALayerViewController.swift in Sources */,
				210A51EE1EDEB67D009A5F76 /* TilingView.swift in Sources */,
				210A51EA1EDEAC62009A5F76 /* CATiledLayerController.swift in Sources */,
				2179383A1ED2E88A007DBE43 /* AppDelegate.swift in Sources */,
			);
			runOnlyForDeploymentPostprocessing = 0;
		};
/* End PBXSourcesBuildPhase section */

/* Begin PBXVariantGroup section */
		2179383D1ED2E88A007DBE43 /* Main.storyboard */ = {
			isa = PBXVariantGroup;
			children = (
				2179383E1ED2E88A007DBE43 /* Base */,
			);
			name = Main.storyboard;
			sourceTree = "<group>";
		};
		217938421ED2E88A007DBE43 /* LaunchScreen.storyboard */ = {
			isa = PBXVariantGroup;
			children = (
				217938431ED2E88A007DBE43 /* Base */,
			);
			name = LaunchScreen.storyboard;
			sourceTree = "<group>";
		};
/* End PBXVariantGroup section */

/* Begin XCBuildConfiguration section */
		217938461ED2E88A007DBE43 /* Debug */ = {
			isa = XCBuildConfiguration;
			buildSettings = {
				ALWAYS_SEARCH_USER_PATHS = NO;
				CLANG_ANALYZER_NONNULL = YES;
				CLANG_CXX_LANGUAGE_STANDARD = "gnu++0x";
				CLANG_CXX_LIBRARY = "libc++";
				CLANG_ENABLE_MODULES = YES;
				CLANG_ENABLE_OBJC_ARC = YES;
				CLANG_WARN_BOOL_CONVERSION = YES;
				CLANG_WARN_CONSTANT_CONVERSION = YES;
				CLANG_WARN_DIRECT_OBJC_ISA_USAGE = YES_ERROR;
				CLANG_WARN_DOCUMENTATION_COMMENTS = YES;
				CLANG_WARN_EMPTY_BODY = YES;
				CLANG_WARN_ENUM_CONVERSION = YES;
				CLANG_WARN_INFINITE_RECURSION = YES;
				CLANG_WARN_INT_CONVERSION = YES;
				CLANG_WARN_OBJC_ROOT_CLASS = YES_ERROR;
				CLANG_WARN_SUSPICIOUS_MOVE = YES;
				CLANG_WARN_UNREACHABLE_CODE = YES;
				CLANG_WARN__DUPLICATE_METHOD_MATCH = YES;
				"CODE_SIGN_IDENTITY[sdk=iphoneos*]" = "iPhone Developer";
				COPY_PHASE_STRIP = NO;
				DEBUG_INFORMATION_FORMAT = dwarf;
				ENABLE_STRICT_OBJC_MSGSEND = YES;
				ENABLE_TESTABILITY = YES;
				GCC_C_LANGUAGE_STANDARD = gnu99;
				GCC_DYNAMIC_NO_PIC = NO;
				GCC_NO_COMMON_BLOCKS = YES;
				GCC_OPTIMIZATION_LEVEL = 0;
				GCC_PREPROCESSOR_DEFINITIONS = (
					"DEBUG=1",
					"$(inherited)",
				);
				GCC_WARN_64_TO_32_BIT_CONVERSION = YES;
				GCC_WARN_ABOUT_RETURN_TYPE = YES_ERROR;
				GCC_WARN_UNDECLARED_SELECTOR = YES;
				GCC_WARN_UNINITIALIZED_AUTOS = YES_AGGRESSIVE;
				GCC_WARN_UNUSED_FUNCTION = YES;
				GCC_WARN_UNUSED_VARIABLE = YES;
				IPHONEOS_DEPLOYMENT_TARGET = 10.2;
				MTL_ENABLE_DEBUG_INFO = YES;
				ONLY_ACTIVE_ARCH = YES;
				SDKROOT = iphoneos;
				SWIFT_ACTIVE_COMPILATION_CONDITIONS = DEBUG;
				SWIFT_OPTIMIZATION_LEVEL = "-Onone";
				TARGETED_DEVICE_FAMILY = "1,2";
			};
			name = Debug;
		};
		217938471ED2E88A007DBE43 /* Release */ = {
			isa = XCBuildConfiguration;
			buildSettings = {
				ALWAYS_SEARCH_USER_PATHS = NO;
				CLANG_ANALYZER_NONNULL = YES;
				CLANG_CXX_LANGUAGE_STANDARD = "gnu++0x";
				CLANG_CXX_LIBRARY = "libc++";
				CLANG_ENABLE_MODULES = YES;
				CLANG_ENABLE_OBJC_ARC = YES;
				CLANG_WARN_BOOL_CONVERSION = YES;
				CLANG_WARN_CONSTANT_CONVERSION = YES;
				CLANG_WARN_DIRECT_OBJC_ISA_USAGE = YES_ERROR;
				CLANG_WARN_DOCUMENTATION_COMMENTS = YES;
				CLANG_WARN_EMPTY_BODY = YES;
				CLANG_WARN_ENUM_CONVERSION = YES;
				CLANG_WARN_INFINITE_RECURSION = YES;
				CLANG_WARN_INT_CONVERSION = YES;
				CLANG_WARN_OBJC_ROOT_CLASS = YES_ERROR;
				CLANG_WARN_SUSPICIOUS_MOVE = YES;
				CLANG_WARN_UNREACHABLE_CODE = YES;
				CLANG_WARN__DUPLICATE_METHOD_MATCH = YES;
				"CODE_SIGN_IDENTITY[sdk=iphoneos*]" = "iPhone Developer";
				COPY_PHASE_STRIP = NO;
				DEBUG_INFORMATION_FORMAT = "dwarf-with-dsym";
				ENABLE_NS_ASSERTIONS = NO;
				ENABLE_STRICT_OBJC_MSGSEND = YES;
				GCC_C_LANGUAGE_STANDARD = gnu99;
				GCC_NO_COMMON_BLOCKS = YES;
				GCC_WARN_64_TO_32_BIT_CONVERSION = YES;
				GCC_WARN_ABOUT_RETURN_TYPE = YES_ERROR;
				GCC_WARN_UNDECLARED_SELECTOR = YES;
				GCC_WARN_UNINITIALIZED_AUTOS = YES_AGGRESSIVE;
				GCC_WARN_UNUSED_FUNCTION = YES;
				GCC_WARN_UNUSED_VARIABLE = YES;
				IPHONEOS_DEPLOYMENT_TARGET = 10.2;
				MTL_ENABLE_DEBUG_INFO = NO;
				SDKROOT = iphoneos;
				SWIFT_OPTIMIZATION_LEVEL = "-Owholemodule";
				TARGETED_DEVICE_FAMILY = "1,2";
				VALIDATE_PRODUCT = YES;
			};
			name = Release;
		};
		217938491ED2E88A007DBE43 /* Debug */ = {
			isa = XCBuildConfiguration;
			buildSettings = {
				ASSETCATALOG_COMPILER_APPICON_NAME = AppIcon;
				INFOPLIST_FILE = LayersAnimation/Info.plist;
				LD_RUNPATH_SEARCH_PATHS = "$(inherited) @executable_path/Frameworks";
				PRODUCT_BUNDLE_IDENTIFIER = Mazy.LayersAnimation;
				PRODUCT_NAME = "$(TARGET_NAME)";
				SWIFT_VERSION = 3.0;
			};
			name = Debug;
		};
		2179384A1ED2E88A007DBE43 /* Release */ = {
			isa = XCBuildConfiguration;
			buildSettings = {
				ASSETCATALOG_COMPILER_APPICON_NAME = AppIcon;
				INFOPLIST_FILE = LayersAnimation/Info.plist;
				LD_RUNPATH_SEARCH_PATHS = "$(inherited) @executable_path/Frameworks";
				PRODUCT_BUNDLE_IDENTIFIER = Mazy.LayersAnimation;
				PRODUCT_NAME = "$(TARGET_NAME)";
				SWIFT_VERSION = 3.0;
			};
			name = Release;
		};
/* End XCBuildConfiguration section */

/* Begin XCConfigurationList section */
		217938311ED2E889007DBE43 /* Build configuration list for PBXProject "LayersAnimation" */ = {
			isa = XCConfigurationList;
			buildConfigurations = (
				217938461ED2E88A007DBE43 /* Debug */,
				217938471ED2E88A007DBE43 /* Release */,
			);
			defaultConfigurationIsVisible = 0;
			defaultConfigurationName = Release;
		};
		217938481ED2E88A007DBE43 /* Build configuration list for PBXNativeTarget "LayersAnimation" */ = {
			isa = XCConfigurationList;
			buildConfigurations = (
				217938491ED2E88A007DBE43 /* Debug */,
				2179384A1ED2E88A007DBE43 /* Release */,
			);
			defaultConfigurationIsVisible = 0;
			defaultConfigurationName = Release;
		};
/* End XCConfigurationList section */
	};
	rootObject = 2179382E1ED2E889007DBE43 /* Project object */;
}
